# THIS IS AN AUTOGENERATED FILE. DO NOT EDIT THIS FILE DIRECTLY.
# yarn lockfile v1


"@babel/runtime@^7.14.6":
  version "7.15.4"
  resolved "https://registry.yarnpkg.com/@babel/runtime/-/runtime-7.15.4.tgz#fd17d16bfdf878e6dd02d19753a39fa8a8d9c84a"
  integrity sha512-99catp6bHCaxr4sJ/DbTGgHS4+Rs2RVd2g7iOap6SLGPDknRK9ztKNsE/Fg6QhSeh1FGE5f6gHGQmvvn3I3xhw==
  dependencies:
    regenerator-runtime "^0.13.4"

itertools@^1.7.0:
  version "1.7.0"
  resolved "https://registry.yarnpkg.com/itertools/-/itertools-1.7.0.tgz#a3a725f81dea260a570a12670dbdb2cef937a3f3"
  integrity sha512-HSS1CnDbL+3DDDCoVvnwaTH8UsvsBwkwN9HhiL2m1E0Cmr6pbFBxmMjn2wXfgH2TsflWDEJXdZMWuoMbnGSIfg==
  dependencies:
    "@babel/runtime" "^7.14.6"

named-tuple@^0.1.1:
  version "0.1.1"
  resolved "https://registry.yarnpkg.com/named-tuple/-/named-tuple-0.1.1.tgz#20f9b72097c84e5d4bc91a086670412b3b3daf66"
  integrity sha1-IPm3IJfITl1LyRoIZnBBKzs9r2Y=

regenerator-runtime@^0.13.4:
  version "0.13.9"
  resolved "https://registry.yarnpkg.com/regenerator-runtime/-/regenerator-runtime-0.13.9.tgz#8925742a98ffd90814988d7566ad30ca3b263b52"
  integrity sha512-p3VT+cOEgxFsRRA9X4lkI1E+k2/CtnKtU4gcxyaCUreilL/vqI6CdZ3wxVUx3UOUg+gnUOQQcRI7BmSI656MYA==
